
Microsoft Visual Studio Solution File, Format Version 12.00
# Visual Studio Version 17
VisualStudioVersion = 17.4.33213.308
MinimumVisualStudioVersion = 10.0.40219.1
Project("{9A19103F-16F7-4668-BE54-9A1E7A4F7556}") = "Launcher", "Launcher\Launcher.csproj", "{776863D5-D1CD-487F-83CD-B5470D64DB74}"
EndProject
Project("{9A19103F-16F7-4668-BE54-9A1E7A4F7556}") = "PatchManager", "PatchManager\PatchManager.csproj", "{08448D7C-1B78-4C7B-819C-FC852C7C6D14}"
EndProject
Project("{9A19103F-16F7-4668-BE54-9A1E7A4F7556}") = "Client", "Client\Client.csproj", "{96CA9837-F7B2-4835-BCF9-40D8C8D4981E}"
EndProject
Project("{9A19103F-16F7-4668-BE54-9A1E7A4F7556}") = "Server", "Server\Server.csproj", "{96AB70CE-1B6A-4511-BDD3-3AADD4DAD15A}"
EndProject
Project("{9A19103F-16F7-4668-BE54-9A1E7A4F7556}") = "ImageManager", "ImageManager\ImageManager.csproj", "{AFE88EDC-61A2-429B-A338-14B3163797F9}"
EndProject
Project("{9A19103F-16F7-4668-BE54-9A1E7A4F7556}") = "Patcher", "Patcher\Patcher.csproj", "{9D96CE9C-EBA1-4293-B9BD-ADCAB5DFB900}"
EndProject
Project("{2150E333-8FDC-42A3-9474-1A3956D46DE8}") = "Tools", "Tools", "{C951172F-95CE-41EC-861A-E8A26A13B962}"
EndProject
Project("{9A19103F-16F7-4668-BE54-9A1E7A4F7556}") = "ServerCore", "ServerCore\ServerCore.csproj", "{2A9C1B9A-20DE-4320-A5FA-0F5B1B72B1AE}"
EndProject
Project("{9A19103F-16F7-4668-BE54-9A1E7A4F7556}") = "ServerLibrary", "ServerLibrary\ServerLibrary.csproj", "{42E44F8E-C98B-4008-958A-5C8CB3D02B8D}"
EndProject
Project("{9A19103F-16F7-4668-BE54-9A1E7A4F7556}") = "LibraryCore", "LibraryCore\LibraryCore.csproj", "{C47F32FA-4C04-4143-B4FE-623D4B014D0D}"
EndProject
Project("{9A19103F-16F7-4668-BE54-9A1E7A4F7556}") = "PluginCore", "PluginCore\PluginCore.csproj", "{9EC9F47E-A443-471E-B0D5-1367772B2A0E}"
EndProject
Project("{9A19103F-16F7-4668-BE54-9A1E7A4F7556}") = "PluginStandalone", "PluginStandalone\PluginStandalone.csproj", "{6EA8BC75-47C2-4E1F-96D3-3132F1665D10}"
EndProject
Project("{2150E333-8FDC-42A3-9474-1A3956D46DE8}") = "Plugin", "Plugin", "{1B4B2D41-ABFA-4DD1-9E4E-81F0E0FCA3A4}"
EndProject
Project("{9A19103F-16F7-4668-BE54-9A1E7A4F7556}") = "LibraryEditor", "LibraryEditor\LibraryEditor.csproj", "{80CD53D9-39A8-4B5C-9845-F264F8C2C8BD}"
EndProject
Global
	GlobalSection(SolutionConfigurationPlatforms) = preSolution
		Debug|Any CPU = Debug|Any CPU
		Debug|x64 = Debug|x64
		Debug|x86 = Debug|x86
		Release|Any CPU = Release|Any CPU
		Release|x64 = Release|x64
		Release|x86 = Release|x86
	EndGlobalSection
	GlobalSection(ProjectConfigurationPlatforms) = postSolution
		{776863D5-D1CD-487F-83CD-B5470D64DB74}.Debug|Any CPU.ActiveCfg = Debug|Any CPU
		{776863D5-D1CD-487F-83CD-B5470D64DB74}.Debug|Any CPU.Build.0 = Debug|Any CPU
		{776863D5-D1CD-487F-83CD-B5470D64DB74}.Debug|x64.ActiveCfg = Debug|Any CPU
		{776863D5-D1CD-487F-83CD-B5470D64DB74}.Debug|x64.Build.0 = Debug|Any CPU
		{776863D5-D1CD-487F-83CD-B5470D64DB74}.Debug|x86.ActiveCfg = Debug|Any CPU
		{776863D5-D1CD-487F-83CD-B5470D64DB74}.Debug|x86.Build.0 = Debug|Any CPU
		{776863D5-D1CD-487F-83CD-B5470D64DB74}.Release|Any CPU.ActiveCfg = Release|Any CPU
		{776863D5-D1CD-487F-83CD-B5470D64DB74}.Release|Any CPU.Build.0 = Release|Any CPU
		{776863D5-D1CD-487F-83CD-B5470D64DB74}.Release|x64.ActiveCfg = Release|Any CPU
		{776863D5-D1CD-487F-83CD-B5470D64DB74}.Release|x64.Build.0 = Release|Any CPU
		{776863D5-D1CD-487F-83CD-B5470D64DB74}.Release|x86.ActiveCfg = Release|Any CPU
		{776863D5-D1CD-487F-83CD-B5470D64DB74}.Release|x86.Build.0 = Release|Any CPU
		{08448D7C-1B78-4C7B-819C-FC852C7C6D14}.Debug|Any CPU.ActiveCfg = Debug|Any CPU
		{08448D7C-1B78-4C7B-819C-FC852C7C6D14}.Debug|Any CPU.Build.0 = Debug|Any CPU
		{08448D7C-1B78-4C7B-819C-FC852C7C6D14}.Debug|x64.ActiveCfg = Debug|Any CPU
		{08448D7C-1B78-4C7B-819C-FC852C7C6D14}.Debug|x64.Build.0 = Debug|Any CPU
		{08448D7C-1B78-4C7B-819C-FC852C7C6D14}.Debug|x86.ActiveCfg = Debug|Any CPU
		{08448D7C-1B78-4C7B-819C-FC852C7C6D14}.Debug|x86.Build.0 = Debug|Any CPU
		{08448D7C-1B78-4C7B-819C-FC852C7C6D14}.Release|Any CPU.ActiveCfg = Release|Any CPU
		{08448D7C-1B78-4C7B-819C-FC852C7C6D14}.Release|Any CPU.Build.0 = Release|Any CPU
		{08448D7C-1B78-4C7B-819C-FC852C7C6D14}.Release|x64.ActiveCfg = Release|Any CPU
		{08448D7C-1B78-4C7B-819C-FC852C7C6D14}.Release|x64.Build.0 = Release|Any CPU
		{08448D7C-1B78-4C7B-819C-FC852C7C6D14}.Release|x86.ActiveCfg = Release|Any CPU
		{08448D7C-1B78-4C7B-819C-FC852C7C6D14}.Release|x86.Build.0 = Release|Any CPU
		{96CA9837-F7B2-4835-BCF9-40D8C8D4981E}.Debug|Any CPU.ActiveCfg = Debug|Any CPU
		{96CA9837-F7B2-4835-BCF9-40D8C8D4981E}.Debug|Any CPU.Build.0 = Debug|Any CPU
		{96CA9837-F7B2-4835-BCF9-40D8C8D4981E}.Debug|x64.ActiveCfg = Debug|Any CPU
		{96CA9837-F7B2-4835-BCF9-40D8C8D4981E}.Debug|x64.Build.0 = Debug|Any CPU
		{96CA9837-F7B2-4835-BCF9-40D8C8D4981E}.Debug|x86.ActiveCfg = Debug|Any CPU
		{96CA9837-F7B2-4835-BCF9-40D8C8D4981E}.Debug|x86.Build.0 = Debug|Any CPU
		{96CA9837-F7B2-4835-BCF9-40D8C8D4981E}.Release|Any CPU.ActiveCfg = Release|Any CPU
		{96CA9837-F7B2-4835-BCF9-40D8C8D4981E}.Release|Any CPU.Build.0 = Release|Any CPU
		{96CA9837-F7B2-4835-BCF9-40D8C8D4981E}.Release|x64.ActiveCfg = Release|Any CPU
		{96CA9837-F7B2-4835-BCF9-40D8C8D4981E}.Release|x64.Build.0 = Release|Any CPU
		{96CA9837-F7B2-4835-BCF9-40D8C8D4981E}.Release|x86.ActiveCfg = Release|Any CPU
		{96CA9837-F7B2-4835-BCF9-40D8C8D4981E}.Release|x86.Build.0 = Release|Any CPU
		{96AB70CE-1B6A-4511-BDD3-3AADD4DAD15A}.Debug|Any CPU.ActiveCfg = Debug|Any CPU
		{96AB70CE-1B6A-4511-BDD3-3AADD4DAD15A}.Debug|Any CPU.Build.0 = Debug|Any CPU
		{96AB70CE-1B6A-4511-BDD3-3AADD4DAD15A}.Debug|x64.ActiveCfg = Debug|Any CPU
		{96AB70CE-1B6A-4511-BDD3-3AADD4DAD15A}.Debug|x64.Build.0 = Debug|Any CPU
		{96AB70CE-1B6A-4511-BDD3-3AADD4DAD15A}.Debug|x86.ActiveCfg = Debug|Any CPU
		{96AB70CE-1B6A-4511-BDD3-3AADD4DAD15A}.Debug|x86.Build.0 = Debug|Any CPU
		{96AB70CE-1B6A-4511-BDD3-3AADD4DAD15A}.Release|Any CPU.ActiveCfg = Release|Any CPU
		{96AB70CE-1B6A-4511-BDD3-3AADD4DAD15A}.Release|Any CPU.Build.0 = Release|Any CPU
		{96AB70CE-1B6A-4511-BDD3-3AADD4DAD15A}.Release|x64.ActiveCfg = Release|Any CPU
		{96AB70CE-1B6A-4511-BDD3-3AADD4DAD15A}.Release|x64.Build.0 = Release|Any CPU
		{96AB70CE-1B6A-4511-BDD3-3AADD4DAD15A}.Release|x86.ActiveCfg = Release|Any CPU
		{96AB70CE-1B6A-4511-BDD3-3AADD4DAD15A}.Release|x86.Build.0 = Release|Any CPU
		{AFE88EDC-61A2-429B-A338-14B3163797F9}.Debug|Any CPU.ActiveCfg = Debug|Any CPU
		{AFE88EDC-61A2-429B-A338-14B3163797F9}.Debug|Any CPU.Build.0 = Debug|Any CPU
		{AFE88EDC-61A2-429B-A338-14B3163797F9}.Debug|x64.ActiveCfg = Debug|Any CPU
		{AFE88EDC-61A2-429B-A338-14B3163797F9}.Debug|x64.Build.0 = Debug|Any CPU
		{AFE88EDC-61A2-429B-A338-14B3163797F9}.Debug|x86.ActiveCfg = Debug|Any CPU
		{AFE88EDC-61A2-429B-A338-14B3163797F9}.Debug|x86.Build.0 = Debug|Any CPU
		{AFE88EDC-61A2-429B-A338-14B3163797F9}.Release|Any CPU.ActiveCfg = Release|Any CPU
		{AFE88EDC-61A2-429B-A338-14B3163797F9}.Release|Any CPU.Build.0 = Release|Any CPU
		{AFE88EDC-61A2-429B-A338-14B3163797F9}.Release|x64.ActiveCfg = Release|Any CPU
		{AFE88EDC-61A2-429B-A338-14B3163797F9}.Release|x64.Build.0 = Release|Any CPU
		{AFE88EDC-61A2-429B-A338-14B3163797F9}.Release|x86.ActiveCfg = Release|Any CPU
		{AFE88EDC-61A2-429B-A338-14B3163797F9}.Release|x86.Build.0 = Release|Any CPU
		{9D96CE9C-EBA1-4293-B9BD-ADCAB5DFB900}.Debug|Any CPU.ActiveCfg = Debug|Any CPU
		{9D96CE9C-EBA1-4293-B9BD-ADCAB5DFB900}.Debug|Any CPU.Build.0 = Debug|Any CPU
		{9D96CE9C-EBA1-4293-B9BD-ADCAB5DFB900}.Debug|x64.ActiveCfg = Debug|Any CPU
		{9D96CE9C-EBA1-4293-B9BD-ADCAB5DFB900}.Debug|x64.Build.0 = Debug|Any CPU
		{9D96CE9C-EBA1-4293-B9BD-ADCAB5DFB900}.Debug|x86.ActiveCfg = Debug|Any CPU
		{9D96CE9C-EBA1-4293-B9BD-ADCAB5DFB900}.Debug|x86.Build.0 = Debug|Any CPU
		{9D96CE9C-EBA1-4293-B9BD-ADCAB5DFB900}.Release|Any CPU.ActiveCfg = Release|Any CPU
		{9D96CE9C-EBA1-4293-B9BD-ADCAB5DFB900}.Release|Any CPU.Build.0 = Release|Any CPU
		{9D96CE9C-EBA1-4293-B9BD-ADCAB5DFB900}.Release|x64.ActiveCfg = Release|Any CPU
		{9D96CE9C-EBA1-4293-B9BD-ADCAB5DFB900}.Release|x64.Build.0 = Release|Any CPU
		{9D96CE9C-EBA1-4293-B9BD-ADCAB5DFB900}.Release|x86.ActiveCfg = Release|Any CPU
		{9D96CE9C-EBA1-4293-B9BD-ADCAB5DFB900}.Release|x86.Build.0 = Release|Any CPU
		{2A9C1B9A-20DE-4320-A5FA-0F5B1B72B1AE}.Debug|Any CPU.ActiveCfg = Debug|Any CPU
		{2A9C1B9A-20DE-4320-A5FA-0F5B1B72B1AE}.Debug|Any CPU.Build.0 = Debug|Any CPU
		{2A9C1B9A-20DE-4320-A5FA-0F5B1B72B1AE}.Debug|x64.ActiveCfg = Debug|Any CPU
		{2A9C1B9A-20DE-4320-A5FA-0F5B1B72B1AE}.Debug|x64.Build.0 = Debug|Any CPU
		{2A9C1B9A-20DE-4320-A5FA-0F5B1B72B1AE}.Debug|x86.ActiveCfg = Debug|Any CPU
		{2A9C1B9A-20DE-4320-A5FA-0F5B1B72B1AE}.Debug|x86.Build.0 = Debug|Any CPU
		{2A9C1B9A-20DE-4320-A5FA-0F5B1B72B1AE}.Release|Any CPU.ActiveCfg = Release|Any CPU
		{2A9C1B9A-20DE-4320-A5FA-0F5B1B72B1AE}.Release|Any CPU.Build.0 = Release|Any CPU
		{2A9C1B9A-20DE-4320-A5FA-0F5B1B72B1AE}.Release|x64.ActiveCfg = Release|Any CPU
		{2A9C1B9A-20DE-4320-A5FA-0F5B1B72B1AE}.Release|x64.Build.0 = Release|Any CPU
		{2A9C1B9A-20DE-4320-A5FA-0F5B1B72B1AE}.Release|x86.ActiveCfg = Release|Any CPU
		{2A9C1B9A-20DE-4320-A5FA-0F5B1B72B1AE}.Release|x86.Build.0 = Release|Any CPU
		{42E44F8E-C98B-4008-958A-5C8CB3D02B8D}.Debug|Any CPU.ActiveCfg = Debug|Any CPU
		{42E44F8E-C98B-4008-958A-5C8CB3D02B8D}.Debug|Any CPU.Build.0 = Debug|Any CPU
		{42E44F8E-C98B-4008-958A-5C8CB3D02B8D}.Debug|x64.ActiveCfg = Debug|Any CPU
		{42E44F8E-C98B-4008-958A-5C8CB3D02B8D}.Debug|x64.Build.0 = Debug|Any CPU
		{42E44F8E-C98B-4008-958A-5C8CB3D02B8D}.Debug|x86.ActiveCfg = Debug|Any CPU
		{42E44F8E-C98B-4008-958A-5C8CB3D02B8D}.Debug|x86.Build.0 = Debug|Any CPU
		{42E44F8E-C98B-4008-958A-5C8CB3D02B8D}.Release|Any CPU.ActiveCfg = Release|Any CPU
		{42E44F8E-C98B-4008-958A-5C8CB3D02B8D}.Release|Any CPU.Build.0 = Release|Any CPU
		{42E44F8E-C98B-4008-958A-5C8CB3D02B8D}.Release|x64.ActiveCfg = Release|Any CPU
		{42E44F8E-C98B-4008-958A-5C8CB3D02B8D}.Release|x64.Build.0 = Release|Any CPU
		{42E44F8E-C98B-4008-958A-5C8CB3D02B8D}.Release|x86.ActiveCfg = Release|Any CPU
		{42E44F8E-C98B-4008-958A-5C8CB3D02B8D}.Release|x86.Build.0 = Release|Any CPU
		{C47F32FA-4C04-4143-B4FE-623D4B014D0D}.Debug|Any CPU.ActiveCfg = Debug|Any CPU
		{C47F32FA-4C04-4143-B4FE-623D4B014D0D}.Debug|Any CPU.Build.0 = Debug|Any CPU
		{C47F32FA-4C04-4143-B4FE-623D4B014D0D}.Debug|x64.ActiveCfg = Debug|Any CPU
		{C47F32FA-4C04-4143-B4FE-623D4B014D0D}.Debug|x64.Build.0 = Debug|Any CPU
		{C47F32FA-4C04-4143-B4FE-623D4B014D0D}.Debug|x86.ActiveCfg = Debug|Any CPU
		{C47F32FA-4C04-4143-B4FE-623D4B014D0D}.Debug|x86.Build.0 = Debug|Any CPU
		{C47F32FA-4C04-4143-B4FE-623D4B014D0D}.Release|Any CPU.ActiveCfg = Release|Any CPU
		{C47F32FA-4C04-4143-B4FE-623D4B014D0D}.Release|Any CPU.Build.0 = Release|Any CPU
		{C47F32FA-4C04-4143-B4FE-623D4B014D0D}.Release|x64.ActiveCfg = Release|Any CPU
		{C47F32FA-4C04-4143-B4FE-623D4B014D0D}.Release|x64.Build.0 = Release|Any CPU
		{C47F32FA-4C04-4143-B4FE-623D4B014D0D}.Release|x86.ActiveCfg = Release|Any CPU
		{C47F32FA-4C04-4143-B4FE-623D4B014D0D}.Release|x86.Build.0 = Release|Any CPU
		{9EC9F47E-A443-471E-B0D5-1367772B2A0E}.Debug|Any CPU.ActiveCfg = Debug|Any CPU
		{9EC9F47E-A443-471E-B0D5-1367772B2A0E}.Debug|Any CPU.Build.0 = Debug|Any CPU
		{9EC9F47E-A443-471E-B0D5-1367772B2A0E}.Debug|x64.ActiveCfg = Debug|Any CPU
		{9EC9F47E-A443-471E-B0D5-1367772B2A0E}.Debug|x64.Build.0 = Debug|Any CPU
		{9EC9F47E-A443-471E-B0D5-1367772B2A0E}.Debug|x86.ActiveCfg = Debug|Any CPU
		{9EC9F47E-A443-471E-B0D5-1367772B2A0E}.Debug|x86.Build.0 = Debug|Any CPU
		{9EC9F47E-A443-471E-B0D5-1367772B2A0E}.Release|Any CPU.ActiveCfg = Release|Any CPU
		{9EC9F47E-A443-471E-B0D5-1367772B2A0E}.Release|Any CPU.Build.0 = Release|Any CPU
		{9EC9F47E-A443-471E-B0D5-1367772B2A0E}.Release|x64.ActiveCfg = Release|Any CPU
		{9EC9F47E-A443-471E-B0D5-1367772B2A0E}.Release|x64.Build.0 = Release|Any CPU
		{9EC9F47E-A443-471E-B0D5-1367772B2A0E}.Release|x86.ActiveCfg = Release|Any CPU
		{9EC9F47E-A443-471E-B0D5-1367772B2A0E}.Release|x86.Build.0 = Release|Any CPU
		{6EA8BC75-47C2-4E1F-96D3-3132F1665D10}.Debug|Any CPU.ActiveCfg = Debug|Any CPU
		{6EA8BC75-47C2-4E1F-96D3-3132F1665D10}.Debug|Any CPU.Build.0 = Debug|Any CPU
		{6EA8BC75-47C2-4E1F-96D3-3132F1665D10}.Debug|x64.ActiveCfg = Debug|Any CPU
		{6EA8BC75-47C2-4E1F-96D3-3132F1665D10}.Debug|x64.Build.0 = Debug|Any CPU
		{6EA8BC75-47C2-4E1F-96D3-3132F1665D10}.Debug|x86.ActiveCfg = Debug|Any CPU
		{6EA8BC75-47C2-4E1F-96D3-3132F1665D10}.Debug|x86.Build.0 = Debug|Any CPU
		{6EA8BC75-47C2-4E1F-96D3-3132F1665D10}.Release|Any CPU.ActiveCfg = Release|Any CPU
		{6EA8BC75-47C2-4E1F-96D3-3132F1665D10}.Release|Any CPU.Build.0 = Release|Any CPU
		{6EA8BC75-47C2-4E1F-96D3-3132F1665D10}.Release|x64.ActiveCfg = Release|Any CPU
		{6EA8BC75-47C2-4E1F-96D3-3132F1665D10}.Release|x64.Build.0 = Release|Any CPU
		{6EA8BC75-47C2-4E1F-96D3-3132F1665D10}.Release|x86.ActiveCfg = Release|Any CPU
		{6EA8BC75-47C2-4E1F-96D3-3132F1665D10}.Release|x86.Build.0 = Release|Any CPU
		{80CD53D9-39A8-4B5C-9845-F264F8C2C8BD}.Debug|Any CPU.ActiveCfg = Debug|Any CPU
		{80CD53D9-39A8-4B5C-9845-F264F8C2C8BD}.Debug|Any CPU.Build.0 = Debug|Any CPU
		{80CD53D9-39A8-4B5C-9845-F264F8C2C8BD}.Debug|x64.ActiveCfg = Debug|Any CPU
		{80CD53D9-39A8-4B5C-9845-F264F8C2C8BD}.Debug|x64.Build.0 = Debug|Any CPU
		{80CD53D9-39A8-4B5C-9845-F264F8C2C8BD}.Debug|x86.ActiveCfg = Debug|Any CPU
		{80CD53D9-39A8-4B5C-9845-F264F8C2C8BD}.Debug|x86.Build.0 = Debug|Any CPU
		{80CD53D9-39A8-4B5C-9845-F264F8C2C8BD}.Release|Any CPU.ActiveCfg = Release|Any CPU
		{80CD53D9-39A8-4B5C-9845-F264F8C2C8BD}.Release|Any CPU.Build.0 = Release|Any CPU
		{80CD53D9-39A8-4B5C-9845-F264F8C2C8BD}.Release|x64.ActiveCfg = Release|Any CPU
		{80CD53D9-39A8-4B5C-9845-F264F8C2C8BD}.Release|x64.Build.0 = Release|Any CPU
		{80CD53D9-39A8-4B5C-9845-F264F8C2C8BD}.Release|x86.ActiveCfg = Release|Any CPU
		{80CD53D9-39A8-4B5C-9845-F264F8C2C8BD}.Release|x86.Build.0 = Release|Any CPU
	EndGlobalSection
	GlobalSection(SolutionProperties) = preSolution
		HideSolutionNode = FALSE
	EndGlobalSection
	GlobalSection(NestedProjects) = preSolution
		{08448D7C-1B78-4C7B-819C-FC852C7C6D14} = {C951172F-95CE-41EC-861A-E8A26A13B962}
		{AFE88EDC-61A2-429B-A338-14B3163797F9} = {C951172F-95CE-41EC-861A-E8A26A13B962}
		{9EC9F47E-A443-471E-B0D5-1367772B2A0E} = {1B4B2D41-ABFA-4DD1-9E4E-81F0E0FCA3A4}
		{6EA8BC75-47C2-4E1F-96D3-3132F1665D10} = {1B4B2D41-ABFA-4DD1-9E4E-81F0E0FCA3A4}
		{80CD53D9-39A8-4B5C-9845-F264F8C2C8BD} = {C951172F-95CE-41EC-861A-E8A26A13B962}
	EndGlobalSection
	GlobalSection(ExtensibilityGlobals) = postSolution
		SolutionGuid = {0A1E6870-A7CB-4165-960E-81486A3F1A0D}
	EndGlobalSection
EndGlobal
